
Microsoft Visual Studio Solution File, Format Version 12.00
# Visual Studio Version 16
VisualStudioVersion = 16.0.30804.86
MinimumVisualStudioVersion = 10.0.40219.1
Project("{FAE04EC0-301F-11D3-BF4B-00C04F79EFBC}") = "MutationTests.API", "MutationTests.API.csproj", "{8843FBC1-67AD-4D5E-902E-C3676F265665}"
EndProject
Project("{FAE04EC0-301F-11D3-BF4B-00C04F79EFBC}") = "MutationTests.Domain", "..\MutationTests.Domain\MutationTests.Domain.csproj", "{D64632E0-A1C1-489D-9721-EF78C9AC5038}"
EndProject
Project("{FAE04EC0-301F-11D3-BF4B-00C04F79EFBC}") = "MutationTests.UnitTests", "..\MutationTests.UnitTests\MutationTests.UnitTests.csproj", "{A3A579D3-B979-494E-9B5E-4080B6684FD5}"
EndProject
Global
	GlobalSection(SolutionConfigurationPlatforms) = preSolution
		Debug|Any CPU = Debug|Any CPU
		Release|Any CPU = Release|Any CPU
	EndGlobalSection
	GlobalSection(ProjectConfigurationPlatforms) = postSolution
		{8843FBC1-67AD-4D5E-902E-C3676F265665}.Debug|Any CPU.ActiveCfg = Debug|Any CPU
		{8843FBC1-67AD-4D5E-902E-C3676F265665}.Debug|Any CPU.Build.0 = Debug|Any CPU
		{8843FBC1-67AD-4D5E-902E-C3676F265665}.Release|Any CPU.ActiveCfg = Release|Any CPU
		{8843FBC1-67AD-4D5E-902E-C3676F265665}.Release|Any CPU.Build.0 = Release|Any CPU
		{D64632E0-A1C1-489D-9721-EF78C9AC5038}.Debug|Any CPU.ActiveCfg = Debug|Any CPU
		{D64632E0-A1C1-489D-9721-EF78C9AC5038}.Debug|Any CPU.Build.0 = Debug|Any CPU
		{D64632E0-A1C1-489D-9721-EF78C9AC5038}.Release|Any CPU.ActiveCfg = Release|Any CPU
		{D64632E0-A1C1-489D-9721-EF78C9AC5038}.Release|Any CPU.Build.0 = Release|Any CPU
		{A3A579D3-B979-494E-9B5E-4080B6684FD5}.Debug|Any CPU.ActiveCfg = Debug|Any CPU
		{A3A579D3-B979-494E-9B5E-4080B6684FD5}.Debug|Any CPU.Build.0 = Debug|Any CPU
		{A3A579D3-B979-494E-9B5E-4080B6684FD5}.Release|Any CPU.ActiveCfg = Release|Any CPU
		{A3A579D3-B979-494E-9B5E-4080B6684FD5}.Release|Any CPU.Build.0 = Release|Any CPU
	EndGlobalSection
	GlobalSection(SolutionProperties) = preSolution
		HideSolutionNode = FALSE
	EndGlobalSection
	GlobalSection(ExtensibilityGlobals) = postSolution
		SolutionGuid = {5768ADC1-031D-48B8-87BF-A18AF405AD4D}
	EndGlobalSection
EndGlobal
